
Microsoft Visual Studio Solution File, Format Version 12.00
# Visual Studio Version 17
VisualStudioVersion = 17.5.33516.290
MinimumVisualStudioVersion = 10.0.40219.1
Project("{9A19103F-16F7-4668-BE54-9A1E7A4F7556}") = "Library", "Library\Library.csproj", "{4FC65D6C-597D-47F1-A078-D1E73859F979}"
EndProject
Project("{FAE04EC0-301F-11D3-BF4B-00C04F79EFBC}") = "Moderator", "Moderator\Moderator.csproj", "{7FD6F193-5799-4EC2-9C7A-7CDD76B6EADC}"
EndProject
Global
	GlobalSection(SolutionConfigurationPlatforms) = preSolution
		Debug|Any CPU = Debug|Any CPU
		Release|Any CPU = Release|Any CPU
	EndGlobalSection
	GlobalSection(ProjectConfigurationPlatforms) = postSolution
		{4FC65D6C-597D-47F1-A078-D1E73859F979}.Debug|Any CPU.ActiveCfg = Debug|Any CPU
		{4FC65D6C-597D-47F1-A078-D1E73859F979}.Debug|Any CPU.Build.0 = Debug|Any CPU
		{4FC65D6C-597D-47F1-A078-D1E73859F979}.Release|Any CPU.ActiveCfg = Release|Any CPU
		{4FC65D6C-597D-47F1-A078-D1E73859F979}.Release|Any CPU.Build.0 = Release|Any CPU
		{7FD6F193-5799-4EC2-9C7A-7CDD76B6EADC}.Debug|Any CPU.ActiveCfg = Debug|Any CPU
		{7FD6F193-5799-4EC2-9C7A-7CDD76B6EADC}.Debug|Any CPU.Build.0 = Debug|Any CPU
		{7FD6F193-5799-4EC2-9C7A-7CDD76B6EADC}.Release|Any CPU.ActiveCfg = Release|Any CPU
		{7FD6F193-5799-4EC2-9C7A-7CDD76B6EADC}.Release|Any CPU.Build.0 = Release|Any CPU
	EndGlobalSection
	GlobalSection(SolutionProperties) = preSolution
		HideSolutionNode = FALSE
	EndGlobalSection
	GlobalSection(ExtensibilityGlobals) = postSolution
		SolutionGuid = {7509370E-6C46-4B57-A227-390961CC9329}
	EndGlobalSection
EndGlobal
